
Microsoft Visual Studio Solution File, Format Version 12.00
# Visual Studio Version 16
VisualStudioVersion = 16.0.30907.101
MinimumVisualStudioVersion = 10.0.40219.1
Project("{FAE04EC0-301F-11D3-BF4B-00C04F79EFBC}") = "VismaSeveraConnector", "VismaSeveraConnector\VismaSeveraConnector.csproj", "{94088DE5-902C-472E-8998-A312B78217E5}"
EndProject
Project("{2150E333-8FDC-42A3-9474-1A3956D46DE8}") = "Documentation", "Documentation", "{B9A97229-9CA0-4B80-BE02-36CFEBCC387D}"
	ProjectSection(SolutionItems) = preProject
		Apache-LICENSE-2.0.txt = Apache-LICENSE-2.0.txt
		LICENSE.txt = LICENSE.txt
		README.md = README.md
	EndProjectSection
EndProject
Project("{2150E333-8FDC-42A3-9474-1A3956D46DE8}") = "Registry files", "Registry files", "{EF692D36-7A08-4908-8629-965E50E98481}"
	ProjectSection(SolutionItems) = preProject
		settings.reg = settings.reg
	EndProjectSection
EndProject
Global
	GlobalSection(SolutionConfigurationPlatforms) = preSolution
		Debug|Any CPU = Debug|Any CPU
		Release|Any CPU = Release|Any CPU
	EndGlobalSection
	GlobalSection(ProjectConfigurationPlatforms) = postSolution
		{94088DE5-902C-472E-8998-A312B78217E5}.Debug|Any CPU.ActiveCfg = Debug|Any CPU
		{94088DE5-902C-472E-8998-A312B78217E5}.Debug|Any CPU.Build.0 = Debug|Any CPU
		{94088DE5-902C-472E-8998-A312B78217E5}.Release|Any CPU.ActiveCfg = Release|Any CPU
		{94088DE5-902C-472E-8998-A312B78217E5}.Release|Any CPU.Build.0 = Release|Any CPU
	EndGlobalSection
	GlobalSection(SolutionProperties) = preSolution
		HideSolutionNode = FALSE
	EndGlobalSection
	GlobalSection(ExtensibilityGlobals) = postSolution
		SolutionGuid = {7AF1E680-C273-434A-8A97-0C942C9482A1}
	EndGlobalSection
EndGlobal
